
Microsoft Visual Studio Solution File, Format Version 12.00
# Visual Studio Version 17
VisualStudioVersion = 17.14.36301.6
MinimumVisualStudioVersion = 10.0.40219.1
Project("{FAE04EC0-301F-11D3-BF4B-00C04F79EFBC}") = "DriverConnectApp.API", "DriverConnectApp.API\DriverConnectApp.API.csproj", "{A9494D50-4F8E-4F8D-AF41-B24AE12598C1}"
EndProject
Project("{FAE04EC0-301F-11D3-BF4B-00C04F79EFBC}") = "DriverConnectApp.Domain", "DriverConnectApp.Domain\DriverConnectApp.Domain.csproj", "{6976E54C-D100-423D-AFE5-37CAAFFDAA21}"
EndProject
Project("{FAE04EC0-301F-11D3-BF4B-00C04F79EFBC}") = "DriverConnectApp.Infrastructure", "DriverConnectApp.Infrastructure\DriverConnectApp.Infrastructure.csproj", "{BCE316F9-4620-458C-B466-0302308EB817}"
EndProject
Global
	GlobalSection(SolutionConfigurationPlatforms) = preSolution
		Debug|Any CPU = Debug|Any CPU
		Release|Any CPU = Release|Any CPU
	EndGlobalSection
	GlobalSection(ProjectConfigurationPlatforms) = postSolution
		{A9494D50-4F8E-4F8D-AF41-B24AE12598C1}.Debug|Any CPU.ActiveCfg = Debug|Any CPU
		{A9494D50-4F8E-4F8D-AF41-B24AE12598C1}.Debug|Any CPU.Build.0 = Debug|Any CPU
		{A9494D50-4F8E-4F8D-AF41-B24AE12598C1}.Release|Any CPU.ActiveCfg = Release|Any CPU
		{A9494D50-4F8E-4F8D-AF41-B24AE12598C1}.Release|Any CPU.Build.0 = Release|Any CPU
		{6976E54C-D100-423D-AFE5-37CAAFFDAA21}.Debug|Any CPU.ActiveCfg = Debug|Any CPU
		{6976E54C-D100-423D-AFE5-37CAAFFDAA21}.Debug|Any CPU.Build.0 = Debug|Any CPU
		{6976E54C-D100-423D-AFE5-37CAAFFDAA21}.Release|Any CPU.ActiveCfg = Release|Any CPU
		{6976E54C-D100-423D-AFE5-37CAAFFDAA21}.Release|Any CPU.Build.0 = Release|Any CPU
		{BCE316F9-4620-458C-B466-0302308EB817}.Debug|Any CPU.ActiveCfg = Debug|Any CPU
		{BCE316F9-4620-458C-B466-0302308EB817}.Debug|Any CPU.Build.0 = Debug|Any CPU
		{BCE316F9-4620-458C-B466-0302308EB817}.Release|Any CPU.ActiveCfg = Release|Any CPU
		{BCE316F9-4620-458C-B466-0302308EB817}.Release|Any CPU.Build.0 = Release|Any CPU
	EndGlobalSection
	GlobalSection(SolutionProperties) = preSolution
		HideSolutionNode = FALSE
	EndGlobalSection
	GlobalSection(ExtensibilityGlobals) = postSolution
		SolutionGuid = {ED198F11-7038-46BB-8F3A-752C95F05546}
	EndGlobalSection
EndGlobal
